
Microsoft Visual Studio Solution File, Format Version 12.00
# Visual Studio Version 16
VisualStudioVersion = 16.0.32510.428
MinimumVisualStudioVersion = 10.0.40219.1
Project("{FAE04EC0-301F-11D3-BF4B-00C04F79EFBC}") = "SonarTest", "SonarTest.csproj", "{0504C0EB-9411-4B67-9EC9-017226083919}"
EndProject
Global
	GlobalSection(SolutionConfigurationPlatforms) = preSolution
		Debug|Any CPU = Debug|Any CPU
		Release|Any CPU = Release|Any CPU
	EndGlobalSection
	GlobalSection(ProjectConfigurationPlatforms) = postSolution
		{0504C0EB-9411-4B67-9EC9-017226083919}.Debug|Any CPU.ActiveCfg = Debug|Any CPU
		{0504C0EB-9411-4B67-9EC9-017226083919}.Debug|Any CPU.Build.0 = Debug|Any CPU
		{0504C0EB-9411-4B67-9EC9-017226083919}.Release|Any CPU.ActiveCfg = Release|Any CPU
		{0504C0EB-9411-4B67-9EC9-017226083919}.Release|Any CPU.Build.0 = Release|Any CPU
	EndGlobalSection
	GlobalSection(SolutionProperties) = preSolution
		HideSolutionNode = FALSE
	EndGlobalSection
	GlobalSection(ExtensibilityGlobals) = postSolution
		SolutionGuid = {66F688A4-337A-4F1B-95EE-EB9DC0143AAB}
	EndGlobalSection
EndGlobal
